
Microsoft Visual Studio Solution File, Format Version 12.00
# Visual Studio Version 17
VisualStudioVersion = 17.11.35312.102
MinimumVisualStudioVersion = 10.0.40219.1
Project("{6EC3EE1D-3C4E-46DD-8F32-0CC8E7565705}") = "superCFGBuilder", "superCFGBuilder\superCFGBuilder.fsproj", "{3ADE980F-93D1-4C2D-8DF4-B2696FEABEAB}"
EndProject
Project("{F2A71F9B-5D33-465A-A702-920D77279786}") = "B2R2.Core", "..\B2R2\src\Core\B2R2.Core.fsproj", "{9D0C5A5B-B956-4A95-BA14-01FADE81CFA9}"
EndProject
Project("{F2A71F9B-5D33-465A-A702-920D77279786}") = "ControlFlowAnalysis", "ControlFlowAnalysis\ControlFlowAnalysis.fsproj", "{5D80C161-88A4-4330-9589-EC0A539B6A09}"
EndProject
Project("{F2A71F9B-5D33-465A-A702-920D77279786}") = "ControlFlowGraph", "ControlFlowGraph\ControlFlowGraph.fsproj", "{C868C8D0-44E3-4537-B444-DB37AA12A76A}"
EndProject
Project("{F2A71F9B-5D33-465A-A702-920D77279786}") = "B2R2.BinIR", "..\B2R2\src\BinIR\B2R2.BinIR.fsproj", "{E756A379-6C50-4D57-96B0-61FBB8A535F6}"
EndProject
Project("{F2A71F9B-5D33-465A-A702-920D77279786}") = "B2R2.FrontEnd.BinLifter.Core", "..\B2R2\src\FrontEnd\BinLifter\Core\B2R2.FrontEnd.BinLifter.Core.fsproj", "{E5701817-B3E2-45A5-9D76-EA87D7AB76DA}"
EndProject
Project("{F2A71F9B-5D33-465A-A702-920D77279786}") = "B2R2.FrontEnd.Core", "..\B2R2\src\FrontEnd\Core\B2R2.FrontEnd.Core.fsproj", "{852DE770-F743-4CEB-B249-C3AE55FAABE8}"
EndProject
Project("{F2A71F9B-5D33-465A-A702-920D77279786}") = "B2R2.FrontEnd.BinLifter.Intel", "..\B2R2\src\FrontEnd\BinLifter\Intel\B2R2.FrontEnd.BinLifter.Intel.fsproj", "{7107856B-7C2F-40FA-9B1E-FA884D12DD46}"
EndProject
Project("{F2A71F9B-5D33-465A-A702-920D77279786}") = "B2R2.FrontEnd.BinLifter.ARM32", "..\B2R2\src\FrontEnd\BinLifter\ARM32\B2R2.FrontEnd.BinLifter.ARM32.fsproj", "{211E4C60-3828-4EE5-A076-3DE736FFAA1D}"
EndProject
Project("{F2A71F9B-5D33-465A-A702-920D77279786}") = "B2R2.FrontEnd.BinLifter.ARM64", "..\B2R2\src\FrontEnd\BinLifter\ARM64\B2R2.FrontEnd.BinLifter.ARM64.fsproj", "{79DE6A12-64D0-41B5-97D5-3E077FF34438}"
EndProject
Project("{F2A71F9B-5D33-465A-A702-920D77279786}") = "B2R2.FrontEnd.BinLifter.AVR", "..\B2R2\src\FrontEnd\BinLifter\AVR\B2R2.FrontEnd.BinLifter.AVR.fsproj", "{FD9059E5-CD8C-4DA5-BAC8-C3BEDD75E878}"
EndProject
Project("{F2A71F9B-5D33-465A-A702-920D77279786}") = "B2R2.FrontEnd.BinLifter.EVM", "..\B2R2\src\FrontEnd\BinLifter\EVM\B2R2.FrontEnd.BinLifter.EVM.fsproj", "{3AAA8110-D7B2-476D-BE22-E32E6CD68D3B}"
EndProject
Project("{F2A71F9B-5D33-465A-A702-920D77279786}") = "B2R2.FrontEnd.BinLifter.MIPS", "..\B2R2\src\FrontEnd\BinLifter\MIPS\B2R2.FrontEnd.BinLifter.MIPS.fsproj", "{4BAFD753-C5A5-4CF8-A705-AF289C1D15BF}"
EndProject
Project("{F2A71F9B-5D33-465A-A702-920D77279786}") = "B2R2.FrontEnd.BinLifter.PARISC", "..\B2R2\src\FrontEnd\BinLifter\PARISC\B2R2.FrontEnd.BinLifter.PARISC.fsproj", "{46A32AD8-B0F6-476F-9A54-3770BD78C7F9}"
EndProject
Project("{F2A71F9B-5D33-465A-A702-920D77279786}") = "B2R2.FrontEnd.BinLifter.PPC32", "..\B2R2\src\FrontEnd\BinLifter\PPC32\B2R2.FrontEnd.BinLifter.PPC32.fsproj", "{23ACD493-C4C2-483B-9C05-AE93ED9786CE}"
EndProject
Project("{F2A71F9B-5D33-465A-A702-920D77279786}") = "B2R2.FrontEnd.BinLifter.RISCV", "..\B2R2\src\FrontEnd\BinLifter\RISCV\B2R2.FrontEnd.BinLifter.RISCV.fsproj", "{DD274E27-FA90-4B5A-98F6-1931DD2104CB}"
EndProject
Project("{F2A71F9B-5D33-465A-A702-920D77279786}") = "B2R2.FrontEnd.BinLifter.WASM", "..\B2R2\src\FrontEnd\BinLifter\WASM\B2R2.FrontEnd.BinLifter.WASM.fsproj", "{56D82AA4-CA77-4F2D-BF3E-363BD738B9F8}"
EndProject
Project("{F2A71F9B-5D33-465A-A702-920D77279786}") = "B2R2.FrontEnd.BinLifter.TMS320C6000", "..\B2R2\src\FrontEnd\BinLifter\TMS320C6000\B2R2.FrontEnd.BinLifter.TMS320C6000.fsproj", "{76F9247E-E8AB-45A0-882C-2F9000222370}"
EndProject
Project("{F2A71F9B-5D33-465A-A702-920D77279786}") = "B2R2.FrontEnd.BinLifter.SPARC", "..\B2R2\src\FrontEnd\BinLifter\SPARC\B2R2.FrontEnd.BinLifter.SPARC.fsproj", "{8BBE6203-A79A-4007-9480-1235002A813D}"
EndProject
Project("{F2A71F9B-5D33-465A-A702-920D77279786}") = "B2R2.FrontEnd.BinLifter.Optimizer", "..\B2R2\src\FrontEnd\BinLifter\Optimizer\B2R2.FrontEnd.BinLifter.Optimizer.fsproj", "{3F33CD78-C96C-4BB1-B376-58C6C8E8ECD4}"
EndProject
Project("{F2A71F9B-5D33-465A-A702-920D77279786}") = "B2R2.FrontEnd.BinLifter.SH4", "..\B2R2\src\FrontEnd\BinLifter\SH4\B2R2.FrontEnd.BinLifter.SH4.fsproj", "{3B0624AF-CE4B-4A46-84DA-5E9A87173AB8}"
EndProject
Project("{F2A71F9B-5D33-465A-A702-920D77279786}") = "B2R2.FrontEnd.BinLifter.CIL", "..\B2R2\src\FrontEnd\BinLifter\CIL\B2R2.FrontEnd.BinLifter.CIL.fsproj", "{8CDD5A0D-B52D-4597-99BE-A2446C581DC5}"
EndProject
Project("{F2A71F9B-5D33-465A-A702-920D77279786}") = "B2R2.FrontEnd.BinFile", "..\B2R2\src\FrontEnd\BinFile\B2R2.FrontEnd.BinFile.fsproj", "{48085D31-6DFD-49B0-B380-17840A3D0E65}"
EndProject
Project("{F2A71F9B-5D33-465A-A702-920D77279786}") = "BinEssence", "BinEssence\BinEssence.fsproj", "{55143746-37D2-4572-9114-D2449C14C6AC}"
EndProject
Project("{F2A71F9B-5D33-465A-A702-920D77279786}") = "BinGraph", "BinGraph\BinGraph.fsproj", "{E60FCEFF-A10A-4FE4-AF00-37AC3E1B7DBF}"
EndProject
Project("{F2A71F9B-5D33-465A-A702-920D77279786}") = "SSA", "SSA\SSA.fsproj", "{2767AD62-6E87-48C1-AA6F-A132B91A9913}"
EndProject
Project("{F2A71F9B-5D33-465A-A702-920D77279786}") = "DataFlow", "DataFlow\DataFlow.fsproj", "{2BD445A7-4C36-41B5-BAB3-5879A5116A52}"
EndProject
Project("{F2A71F9B-5D33-465A-A702-920D77279786}") = "B2R2.MiddleEnd.ConcEval", "..\B2R2\src\MiddleEnd\ConcEval\B2R2.MiddleEnd.ConcEval.fsproj", "{7A160042-4D80-4D25-AD27-06E4154A6505}"
EndProject
Global
	GlobalSection(SolutionConfigurationPlatforms) = preSolution
		Debug|Any CPU = Debug|Any CPU
		Release|Any CPU = Release|Any CPU
	EndGlobalSection
	GlobalSection(ProjectConfigurationPlatforms) = postSolution
		{3ADE980F-93D1-4C2D-8DF4-B2696FEABEAB}.Debug|Any CPU.ActiveCfg = Debug|Any CPU
		{3ADE980F-93D1-4C2D-8DF4-B2696FEABEAB}.Debug|Any CPU.Build.0 = Debug|Any CPU
		{3ADE980F-93D1-4C2D-8DF4-B2696FEABEAB}.Release|Any CPU.ActiveCfg = Release|Any CPU
		{3ADE980F-93D1-4C2D-8DF4-B2696FEABEAB}.Release|Any CPU.Build.0 = Release|Any CPU
		{9D0C5A5B-B956-4A95-BA14-01FADE81CFA9}.Debug|Any CPU.ActiveCfg = Debug|Any CPU
		{9D0C5A5B-B956-4A95-BA14-01FADE81CFA9}.Debug|Any CPU.Build.0 = Debug|Any CPU
		{9D0C5A5B-B956-4A95-BA14-01FADE81CFA9}.Release|Any CPU.ActiveCfg = Release|Any CPU
		{9D0C5A5B-B956-4A95-BA14-01FADE81CFA9}.Release|Any CPU.Build.0 = Release|Any CPU
		{5D80C161-88A4-4330-9589-EC0A539B6A09}.Debug|Any CPU.ActiveCfg = Debug|Any CPU
		{5D80C161-88A4-4330-9589-EC0A539B6A09}.Debug|Any CPU.Build.0 = Debug|Any CPU
		{5D80C161-88A4-4330-9589-EC0A539B6A09}.Release|Any CPU.ActiveCfg = Release|Any CPU
		{5D80C161-88A4-4330-9589-EC0A539B6A09}.Release|Any CPU.Build.0 = Release|Any CPU
		{C868C8D0-44E3-4537-B444-DB37AA12A76A}.Debug|Any CPU.ActiveCfg = Debug|Any CPU
		{C868C8D0-44E3-4537-B444-DB37AA12A76A}.Debug|Any CPU.Build.0 = Debug|Any CPU
		{C868C8D0-44E3-4537-B444-DB37AA12A76A}.Release|Any CPU.ActiveCfg = Release|Any CPU
		{C868C8D0-44E3-4537-B444-DB37AA12A76A}.Release|Any CPU.Build.0 = Release|Any CPU
		{E756A379-6C50-4D57-96B0-61FBB8A535F6}.Debug|Any CPU.ActiveCfg = Debug|Any CPU
		{E756A379-6C50-4D57-96B0-61FBB8A535F6}.Debug|Any CPU.Build.0 = Debug|Any CPU
		{E756A379-6C50-4D57-96B0-61FBB8A535F6}.Release|Any CPU.ActiveCfg = Release|Any CPU
		{E756A379-6C50-4D57-96B0-61FBB8A535F6}.Release|Any CPU.Build.0 = Release|Any CPU
		{E5701817-B3E2-45A5-9D76-EA87D7AB76DA}.Debug|Any CPU.ActiveCfg = Debug|Any CPU
		{E5701817-B3E2-45A5-9D76-EA87D7AB76DA}.Debug|Any CPU.Build.0 = Debug|Any CPU
		{E5701817-B3E2-45A5-9D76-EA87D7AB76DA}.Release|Any CPU.ActiveCfg = Release|Any CPU
		{E5701817-B3E2-45A5-9D76-EA87D7AB76DA}.Release|Any CPU.Build.0 = Release|Any CPU
		{852DE770-F743-4CEB-B249-C3AE55FAABE8}.Debug|Any CPU.ActiveCfg = Debug|Any CPU
		{852DE770-F743-4CEB-B249-C3AE55FAABE8}.Debug|Any CPU.Build.0 = Debug|Any CPU
		{852DE770-F743-4CEB-B249-C3AE55FAABE8}.Release|Any CPU.ActiveCfg = Release|Any CPU
		{852DE770-F743-4CEB-B249-C3AE55FAABE8}.Release|Any CPU.Build.0 = Release|Any CPU
		{7107856B-7C2F-40FA-9B1E-FA884D12DD46}.Debug|Any CPU.ActiveCfg = Debug|Any CPU
		{7107856B-7C2F-40FA-9B1E-FA884D12DD46}.Debug|Any CPU.Build.0 = Debug|Any CPU
		{7107856B-7C2F-40FA-9B1E-FA884D12DD46}.Release|Any CPU.ActiveCfg = Release|Any CPU
		{7107856B-7C2F-40FA-9B1E-FA884D12DD46}.Release|Any CPU.Build.0 = Release|Any CPU
		{211E4C60-3828-4EE5-A076-3DE736FFAA1D}.Debug|Any CPU.ActiveCfg = Debug|Any CPU
		{211E4C60-3828-4EE5-A076-3DE736FFAA1D}.Debug|Any CPU.Build.0 = Debug|Any CPU
		{211E4C60-3828-4EE5-A076-3DE736FFAA1D}.Release|Any CPU.ActiveCfg = Release|Any CPU
		{211E4C60-3828-4EE5-A076-3DE736FFAA1D}.Release|Any CPU.Build.0 = Release|Any CPU
		{79DE6A12-64D0-41B5-97D5-3E077FF34438}.Debug|Any CPU.ActiveCfg = Debug|Any CPU
		{79DE6A12-64D0-41B5-97D5-3E077FF34438}.Debug|Any CPU.Build.0 = Debug|Any CPU
		{79DE6A12-64D0-41B5-97D5-3E077FF34438}.Release|Any CPU.ActiveCfg = Release|Any CPU
		{79DE6A12-64D0-41B5-97D5-3E077FF34438}.Release|Any CPU.Build.0 = Release|Any CPU
		{FD9059E5-CD8C-4DA5-BAC8-C3BEDD75E878}.Debug|Any CPU.ActiveCfg = Debug|Any CPU
		{FD9059E5-CD8C-4DA5-BAC8-C3BEDD75E878}.Debug|Any CPU.Build.0 = Debug|Any CPU
		{FD9059E5-CD8C-4DA5-BAC8-C3BEDD75E878}.Release|Any CPU.ActiveCfg = Release|Any CPU
		{FD9059E5-CD8C-4DA5-BAC8-C3BEDD75E878}.Release|Any CPU.Build.0 = Release|Any CPU
		{3AAA8110-D7B2-476D-BE22-E32E6CD68D3B}.Debug|Any CPU.ActiveCfg = Debug|Any CPU
		{3AAA8110-D7B2-476D-BE22-E32E6CD68D3B}.Debug|Any CPU.Build.0 = Debug|Any CPU
		{3AAA8110-D7B2-476D-BE22-E32E6CD68D3B}.Release|Any CPU.ActiveCfg = Release|Any CPU
		{3AAA8110-D7B2-476D-BE22-E32E6CD68D3B}.Release|Any CPU.Build.0 = Release|Any CPU
		{4BAFD753-C5A5-4CF8-A705-AF289C1D15BF}.Debug|Any CPU.ActiveCfg = Debug|Any CPU
		{4BAFD753-C5A5-4CF8-A705-AF289C1D15BF}.Debug|Any CPU.Build.0 = Debug|Any CPU
		{4BAFD753-C5A5-4CF8-A705-AF289C1D15BF}.Release|Any CPU.ActiveCfg = Release|Any CPU
		{4BAFD753-C5A5-4CF8-A705-AF289C1D15BF}.Release|Any CPU.Build.0 = Release|Any CPU
		{46A32AD8-B0F6-476F-9A54-3770BD78C7F9}.Debug|Any CPU.ActiveCfg = Debug|Any CPU
		{46A32AD8-B0F6-476F-9A54-3770BD78C7F9}.Debug|Any CPU.Build.0 = Debug|Any CPU
		{46A32AD8-B0F6-476F-9A54-3770BD78C7F9}.Release|Any CPU.ActiveCfg = Release|Any CPU
		{46A32AD8-B0F6-476F-9A54-3770BD78C7F9}.Release|Any CPU.Build.0 = Release|Any CPU
		{23ACD493-C4C2-483B-9C05-AE93ED9786CE}.Debug|Any CPU.ActiveCfg = Debug|Any CPU
		{23ACD493-C4C2-483B-9C05-AE93ED9786CE}.Debug|Any CPU.Build.0 = Debug|Any CPU
		{23ACD493-C4C2-483B-9C05-AE93ED9786CE}.Release|Any CPU.ActiveCfg = Release|Any CPU
		{23ACD493-C4C2-483B-9C05-AE93ED9786CE}.Release|Any CPU.Build.0 = Release|Any CPU
		{DD274E27-FA90-4B5A-98F6-1931DD2104CB}.Debug|Any CPU.ActiveCfg = Debug|Any CPU
		{DD274E27-FA90-4B5A-98F6-1931DD2104CB}.Debug|Any CPU.Build.0 = Debug|Any CPU
		{DD274E27-FA90-4B5A-98F6-1931DD2104CB}.Release|Any CPU.ActiveCfg = Release|Any CPU
		{DD274E27-FA90-4B5A-98F6-1931DD2104CB}.Release|Any CPU.Build.0 = Release|Any CPU
		{56D82AA4-CA77-4F2D-BF3E-363BD738B9F8}.Debug|Any CPU.ActiveCfg = Debug|Any CPU
		{56D82AA4-CA77-4F2D-BF3E-363BD738B9F8}.Debug|Any CPU.Build.0 = Debug|Any CPU
		{56D82AA4-CA77-4F2D-BF3E-363BD738B9F8}.Release|Any CPU.ActiveCfg = Release|Any CPU
		{56D82AA4-CA77-4F2D-BF3E-363BD738B9F8}.Release|Any CPU.Build.0 = Release|Any CPU
		{76F9247E-E8AB-45A0-882C-2F9000222370}.Debug|Any CPU.ActiveCfg = Debug|Any CPU
		{76F9247E-E8AB-45A0-882C-2F9000222370}.Debug|Any CPU.Build.0 = Debug|Any CPU
		{76F9247E-E8AB-45A0-882C-2F9000222370}.Release|Any CPU.ActiveCfg = Release|Any CPU
		{76F9247E-E8AB-45A0-882C-2F9000222370}.Release|Any CPU.Build.0 = Release|Any CPU
		{8BBE6203-A79A-4007-9480-1235002A813D}.Debug|Any CPU.ActiveCfg = Debug|Any CPU
		{8BBE6203-A79A-4007-9480-1235002A813D}.Debug|Any CPU.Build.0 = Debug|Any CPU
		{8BBE6203-A79A-4007-9480-1235002A813D}.Release|Any CPU.ActiveCfg = Release|Any CPU
		{8BBE6203-A79A-4007-9480-1235002A813D}.Release|Any CPU.Build.0 = Release|Any CPU
		{3F33CD78-C96C-4BB1-B376-58C6C8E8ECD4}.Debug|Any CPU.ActiveCfg = Debug|Any CPU
		{3F33CD78-C96C-4BB1-B376-58C6C8E8ECD4}.Debug|Any CPU.Build.0 = Debug|Any CPU
		{3F33CD78-C96C-4BB1-B376-58C6C8E8ECD4}.Release|Any CPU.ActiveCfg = Release|Any CPU
		{3F33CD78-C96C-4BB1-B376-58C6C8E8ECD4}.Release|Any CPU.Build.0 = Release|Any CPU
		{3B0624AF-CE4B-4A46-84DA-5E9A87173AB8}.Debug|Any CPU.ActiveCfg = Debug|Any CPU
		{3B0624AF-CE4B-4A46-84DA-5E9A87173AB8}.Debug|Any CPU.Build.0 = Debug|Any CPU
		{3B0624AF-CE4B-4A46-84DA-5E9A87173AB8}.Release|Any CPU.ActiveCfg = Release|Any CPU
		{3B0624AF-CE4B-4A46-84DA-5E9A87173AB8}.Release|Any CPU.Build.0 = Release|Any CPU
		{8CDD5A0D-B52D-4597-99BE-A2446C581DC5}.Debug|Any CPU.ActiveCfg = Debug|Any CPU
		{8CDD5A0D-B52D-4597-99BE-A2446C581DC5}.Debug|Any CPU.Build.0 = Debug|Any CPU
		{8CDD5A0D-B52D-4597-99BE-A2446C581DC5}.Release|Any CPU.ActiveCfg = Release|Any CPU
		{8CDD5A0D-B52D-4597-99BE-A2446C581DC5}.Release|Any CPU.Build.0 = Release|Any CPU
		{48085D31-6DFD-49B0-B380-17840A3D0E65}.Debug|Any CPU.ActiveCfg = Debug|Any CPU
		{48085D31-6DFD-49B0-B380-17840A3D0E65}.Debug|Any CPU.Build.0 = Debug|Any CPU
		{48085D31-6DFD-49B0-B380-17840A3D0E65}.Release|Any CPU.ActiveCfg = Release|Any CPU
		{48085D31-6DFD-49B0-B380-17840A3D0E65}.Release|Any CPU.Build.0 = Release|Any CPU
		{55143746-37D2-4572-9114-D2449C14C6AC}.Debug|Any CPU.ActiveCfg = Debug|Any CPU
		{55143746-37D2-4572-9114-D2449C14C6AC}.Debug|Any CPU.Build.0 = Debug|Any CPU
		{55143746-37D2-4572-9114-D2449C14C6AC}.Release|Any CPU.ActiveCfg = Release|Any CPU
		{55143746-37D2-4572-9114-D2449C14C6AC}.Release|Any CPU.Build.0 = Release|Any CPU
		{E60FCEFF-A10A-4FE4-AF00-37AC3E1B7DBF}.Debug|Any CPU.ActiveCfg = Debug|Any CPU
		{E60FCEFF-A10A-4FE4-AF00-37AC3E1B7DBF}.Debug|Any CPU.Build.0 = Debug|Any CPU
		{E60FCEFF-A10A-4FE4-AF00-37AC3E1B7DBF}.Release|Any CPU.ActiveCfg = Release|Any CPU
		{E60FCEFF-A10A-4FE4-AF00-37AC3E1B7DBF}.Release|Any CPU.Build.0 = Release|Any CPU
		{2767AD62-6E87-48C1-AA6F-A132B91A9913}.Debug|Any CPU.ActiveCfg = Debug|Any CPU
		{2767AD62-6E87-48C1-AA6F-A132B91A9913}.Debug|Any CPU.Build.0 = Debug|Any CPU
		{2767AD62-6E87-48C1-AA6F-A132B91A9913}.Release|Any CPU.ActiveCfg = Release|Any CPU
		{2767AD62-6E87-48C1-AA6F-A132B91A9913}.Release|Any CPU.Build.0 = Release|Any CPU
		{2BD445A7-4C36-41B5-BAB3-5879A5116A52}.Debug|Any CPU.ActiveCfg = Debug|Any CPU
		{2BD445A7-4C36-41B5-BAB3-5879A5116A52}.Debug|Any CPU.Build.0 = Debug|Any CPU
		{2BD445A7-4C36-41B5-BAB3-5879A5116A52}.Release|Any CPU.ActiveCfg = Release|Any CPU
		{2BD445A7-4C36-41B5-BAB3-5879A5116A52}.Release|Any CPU.Build.0 = Release|Any CPU
		{7A160042-4D80-4D25-AD27-06E4154A6505}.Debug|Any CPU.ActiveCfg = Debug|Any CPU
		{7A160042-4D80-4D25-AD27-06E4154A6505}.Debug|Any CPU.Build.0 = Debug|Any CPU
		{7A160042-4D80-4D25-AD27-06E4154A6505}.Release|Any CPU.ActiveCfg = Release|Any CPU
		{7A160042-4D80-4D25-AD27-06E4154A6505}.Release|Any CPU.Build.0 = Release|Any CPU
	EndGlobalSection
	GlobalSection(SolutionProperties) = preSolution
		HideSolutionNode = FALSE
	EndGlobalSection
	GlobalSection(ExtensibilityGlobals) = postSolution
		SolutionGuid = {7F929855-5C9D-4C24-8F1D-95B7D16BB819}
	EndGlobalSection
EndGlobal
