
Microsoft Visual Studio Solution File, Format Version 12.00
# Visual Studio Version 17
VisualStudioVersion = 17.0.32112.339
MinimumVisualStudioVersion = 15.0.26124.0
Project("{2150E333-8FDC-42A3-9474-1A3956D46DE8}") = "src", "src", "{96279848-CA27-42C6-9488-498A8E696F67}"
EndProject
Project("{6EC3EE1D-3C4E-46DD-8F32-0CC8E7565705}") = "B2R2.Core", "src\Core\B2R2.Core.fsproj", "{92A41F1C-8B77-4479-8CD3-FB8987269C60}"
EndProject
Project("{6EC3EE1D-3C4E-46DD-8F32-0CC8E7565705}") = "B2R2.BinIR", "src\BinIR\B2R2.BinIR.fsproj", "{7AE36E18-182E-4E36-AD0E-08F326B381B2}"
EndProject
Project("{2150E333-8FDC-42A3-9474-1A3956D46DE8}") = "FrontEnd", "FrontEnd", "{55E62B6F-2C33-4E89-ADD5-0CE9BAA76401}"
EndProject
Project("{2150E333-8FDC-42A3-9474-1A3956D46DE8}") = "BinLifter", "BinLifter", "{0CAF4618-5C72-4A71-BAEB-79AA4065B9D6}"
EndProject
Project("{6EC3EE1D-3C4E-46DD-8F32-0CC8E7565705}") = "B2R2.FrontEnd.BinLifter.Core", "src\FrontEnd\BinLifter\Core\B2R2.FrontEnd.BinLifter.Core.fsproj", "{717ED421-8AE2-435F-888F-91F676C87C32}"
EndProject
Project("{6EC3EE1D-3C4E-46DD-8F32-0CC8E7565705}") = "B2R2.FrontEnd.BinLifter.Intel", "src\FrontEnd\BinLifter\Intel\B2R2.FrontEnd.BinLifter.Intel.fsproj", "{B9E587C6-D492-478A-856D-A7FC67EB5FE0}"
EndProject
Project("{6EC3EE1D-3C4E-46DD-8F32-0CC8E7565705}") = "B2R2.FrontEnd.BinLifter.ARM32", "src\FrontEnd\BinLifter\ARM32\B2R2.FrontEnd.BinLifter.ARM32.fsproj", "{65784B83-F76F-4C1A-AAAD-6417614116C6}"
EndProject
Project("{6EC3EE1D-3C4E-46DD-8F32-0CC8E7565705}") = "B2R2.FrontEnd.BinLifter.ARM64", "src\FrontEnd\BinLifter\ARM64\B2R2.FrontEnd.BinLifter.ARM64.fsproj", "{8CA197A9-96CE-4284-80B5-EC0132F20A62}"
EndProject
Project("{6EC3EE1D-3C4E-46DD-8F32-0CC8E7565705}") = "B2R2.FrontEnd.BinLifter.AVR", "src\FrontEnd\BinLifter\AVR\B2R2.FrontEnd.BinLifter.AVR.fsproj", "{A425AE4A-691C-4540-9CA0-2B7D32EFE230}"
EndProject
Project("{6EC3EE1D-3C4E-46DD-8F32-0CC8E7565705}") = "B2R2.FrontEnd.BinLifter.MIPS", "src\FrontEnd\BinLifter\MIPS\B2R2.FrontEnd.BinLifter.MIPS.fsproj", "{40C841D4-C7D0-489B-80FB-5B4D22DB60E7}"
EndProject
Project("{6EC3EE1D-3C4E-46DD-8F32-0CC8E7565705}") = "B2R2.FrontEnd.BinLifter.EVM", "src\FrontEnd\BinLifter\EVM\B2R2.FrontEnd.BinLifter.EVM.fsproj", "{49C21BFB-126B-473D-876E-C9965CCD3096}"
EndProject
Project("{6EC3EE1D-3C4E-46DD-8F32-0CC8E7565705}") = "B2R2.FrontEnd.BinLifter.TMS320C6000", "src\FrontEnd\BinLifter\TMS320C6000\B2R2.FrontEnd.BinLifter.TMS320C6000.fsproj", "{E1311CDD-8C52-4F55-B05A-1FBAC7FB693D}"
EndProject
Project("{6EC3EE1D-3C4E-46DD-8F32-0CC8E7565705}") = "B2R2.FrontEnd.BinLifter.CIL", "src\FrontEnd\BinLifter\CIL\B2R2.FrontEnd.BinLifter.CIL.fsproj", "{A0A5A856-7C41-46E5-B773-97B677E532B5}"
EndProject
Project("{6EC3EE1D-3C4E-46DD-8F32-0CC8E7565705}") = "B2R2.FrontEnd.BinLifter.SH4", "src\FrontEnd\BinLifter\SH4\B2R2.FrontEnd.BinLifter.SH4.fsproj", "{01233DB1-3B00-43D5-BF95-8D8A11F2613C}"
EndProject
Project("{6EC3EE1D-3C4E-46DD-8F32-0CC8E7565705}") = "B2R2.FrontEnd.BinLifter.PPC32", "src\FrontEnd\BinLifter\PPC32\B2R2.FrontEnd.BinLifter.PPC32.fsproj", "{96993893-7A1E-4F01-827E-BDE2FA8537C9}"
EndProject
Project("{6EC3EE1D-3C4E-46DD-8F32-0CC8E7565705}") = "B2R2.FrontEnd.BinLifter.SPARC", "src\FrontEnd\BinLifter\SPARC\B2R2.FrontEnd.BinLifter.SPARC.fsproj", "{5A95A80D-9263-4573-9E2D-AACC5E225C3F}"
EndProject
Project("{6EC3EE1D-3C4E-46DD-8F32-0CC8E7565705}") = "B2R2.FrontEnd.BinLifter.WASM", "src\FrontEnd\BinLifter\WASM\B2R2.FrontEnd.BinLifter.WASM.fsproj", "{DDA77DD5-651E-4180-97C1-839A501773DD}"
EndProject
Project("{6EC3EE1D-3C4E-46DD-8F32-0CC8E7565705}") = "B2R2.FrontEnd.BinLifter.Optimizer", "src\FrontEnd\BinLifter\Optimizer\B2R2.FrontEnd.BinLifter.Optimizer.fsproj", "{772A6D09-0FB3-46B0-A234-9196704D4657}"
EndProject
Project("{6EC3EE1D-3C4E-46DD-8F32-0CC8E7565705}") = "B2R2.FrontEnd.BinFile", "src\FrontEnd\BinFile\B2R2.FrontEnd.BinFile.fsproj", "{1CD7C68A-A371-49CE-8F54-A7E781EE332A}"
EndProject
Project("{6EC3EE1D-3C4E-46DD-8F32-0CC8E7565705}") = "B2R2.FrontEnd.BinInterface", "src\FrontEnd\BinInterface\B2R2.FrontEnd.BinInterface.fsproj", "{C07D0F30-B3EC-430B-9F4C-4A74E15CE7F0}"
EndProject
Project("{6EC3EE1D-3C4E-46DD-8F32-0CC8E7565705}") = "B2R2.FrontEnd.NameMangling", "src\FrontEnd\NameMangling\B2R2.FrontEnd.NameMangling.fsproj", "{ADB65D83-B476-4F0B-8B9F-8719A8AB7624}"
EndProject
Project("{2150E333-8FDC-42A3-9474-1A3956D46DE8}") = "MiddleEnd", "MiddleEnd", "{B581729A-04EA-4F57-8347-795C1F14257D}"
EndProject
Project("{6EC3EE1D-3C4E-46DD-8F32-0CC8E7565705}") = "B2R2.MiddleEnd.ConcEval", "src\MiddleEnd\ConcEval\B2R2.MiddleEnd.ConcEval.fsproj", "{1EB78AE6-9233-4FE8-8EE1-292AF412D731}"
EndProject
Project("{6EC3EE1D-3C4E-46DD-8F32-0CC8E7565705}") = "B2R2.MiddleEnd.BinGraph", "src\MiddleEnd\BinGraph\B2R2.MiddleEnd.BinGraph.fsproj", "{A831C214-9CEB-4B37-B2B2-2D25A34E43EF}"
EndProject
Project("{6EC3EE1D-3C4E-46DD-8F32-0CC8E7565705}") = "B2R2.MiddleEnd.ControlFlowGraph", "src\MiddleEnd\ControlFlowGraph\B2R2.MiddleEnd.ControlFlowGraph.fsproj", "{B008D195-BA7B-461D-93D4-284532F9274D}"
EndProject
Project("{6EC3EE1D-3C4E-46DD-8F32-0CC8E7565705}") = "B2R2.MiddleEnd.DataFlow", "src\MiddleEnd\DataFlow\B2R2.MiddleEnd.DataFlow.fsproj", "{D40C3359-5983-4021-9F0E-8E7D450EFEFF}"
EndProject
Project("{6EC3EE1D-3C4E-46DD-8F32-0CC8E7565705}") = "B2R2.MiddleEnd.ControlFlowAnalysis", "src\MiddleEnd\ControlFlowAnalysis\B2R2.MiddleEnd.ControlFlowAnalysis.fsproj", "{A18591FD-1A3C-488D-A814-FED8734FF1CE}"
EndProject
Project("{6EC3EE1D-3C4E-46DD-8F32-0CC8E7565705}") = "B2R2.MiddleEnd.BinEssence", "src\MiddleEnd\BinEssence\B2R2.MiddleEnd.BinEssence.fsproj", "{02EEDA2B-1311-4F68-879D-0F32686BA650}"
EndProject
Project("{6EC3EE1D-3C4E-46DD-8F32-0CC8E7565705}") = "B2R2.FrontEnd.BinLifter.RISCV", "src\FrontEnd\BinLifter\RISCV\B2R2.FrontEnd.BinLifter.RISCV.fsproj", "{BDD2D535-D893-40F4-BCCD-993454FF1BE7}"
EndProject
Global
	GlobalSection(SolutionConfigurationPlatforms) = preSolution
		Debug|Any CPU = Debug|Any CPU
		Debug|x64 = Debug|x64
		Debug|x86 = Debug|x86
		Release|Any CPU = Release|Any CPU
		Release|x64 = Release|x64
		Release|x86 = Release|x86
	EndGlobalSection
	GlobalSection(ProjectConfigurationPlatforms) = postSolution
		{92A41F1C-8B77-4479-8CD3-FB8987269C60}.Debug|Any CPU.ActiveCfg = Debug|Any CPU
		{92A41F1C-8B77-4479-8CD3-FB8987269C60}.Debug|Any CPU.Build.0 = Debug|Any CPU
		{92A41F1C-8B77-4479-8CD3-FB8987269C60}.Debug|x64.ActiveCfg = Debug|Any CPU
		{92A41F1C-8B77-4479-8CD3-FB8987269C60}.Debug|x64.Build.0 = Debug|Any CPU
		{92A41F1C-8B77-4479-8CD3-FB8987269C60}.Debug|x86.ActiveCfg = Debug|Any CPU
		{92A41F1C-8B77-4479-8CD3-FB8987269C60}.Debug|x86.Build.0 = Debug|Any CPU
		{92A41F1C-8B77-4479-8CD3-FB8987269C60}.Release|Any CPU.ActiveCfg = Release|Any CPU
		{92A41F1C-8B77-4479-8CD3-FB8987269C60}.Release|Any CPU.Build.0 = Release|Any CPU
		{92A41F1C-8B77-4479-8CD3-FB8987269C60}.Release|x64.ActiveCfg = Release|Any CPU
		{92A41F1C-8B77-4479-8CD3-FB8987269C60}.Release|x64.Build.0 = Release|Any CPU
		{92A41F1C-8B77-4479-8CD3-FB8987269C60}.Release|x86.ActiveCfg = Release|Any CPU
		{92A41F1C-8B77-4479-8CD3-FB8987269C60}.Release|x86.Build.0 = Release|Any CPU
		{7AE36E18-182E-4E36-AD0E-08F326B381B2}.Debug|Any CPU.ActiveCfg = Debug|Any CPU
		{7AE36E18-182E-4E36-AD0E-08F326B381B2}.Debug|Any CPU.Build.0 = Debug|Any CPU
		{7AE36E18-182E-4E36-AD0E-08F326B381B2}.Debug|x64.ActiveCfg = Debug|Any CPU
		{7AE36E18-182E-4E36-AD0E-08F326B381B2}.Debug|x64.Build.0 = Debug|Any CPU
		{7AE36E18-182E-4E36-AD0E-08F326B381B2}.Debug|x86.ActiveCfg = Debug|Any CPU
		{7AE36E18-182E-4E36-AD0E-08F326B381B2}.Debug|x86.Build.0 = Debug|Any CPU
		{7AE36E18-182E-4E36-AD0E-08F326B381B2}.Release|Any CPU.ActiveCfg = Release|Any CPU
		{7AE36E18-182E-4E36-AD0E-08F326B381B2}.Release|Any CPU.Build.0 = Release|Any CPU
		{7AE36E18-182E-4E36-AD0E-08F326B381B2}.Release|x64.ActiveCfg = Release|Any CPU
		{7AE36E18-182E-4E36-AD0E-08F326B381B2}.Release|x64.Build.0 = Release|Any CPU
		{7AE36E18-182E-4E36-AD0E-08F326B381B2}.Release|x86.ActiveCfg = Release|Any CPU
		{7AE36E18-182E-4E36-AD0E-08F326B381B2}.Release|x86.Build.0 = Release|Any CPU
		{717ED421-8AE2-435F-888F-91F676C87C32}.Debug|Any CPU.ActiveCfg = Debug|Any CPU
		{717ED421-8AE2-435F-888F-91F676C87C32}.Debug|Any CPU.Build.0 = Debug|Any CPU
		{717ED421-8AE2-435F-888F-91F676C87C32}.Debug|x64.ActiveCfg = Debug|Any CPU
		{717ED421-8AE2-435F-888F-91F676C87C32}.Debug|x64.Build.0 = Debug|Any CPU
		{717ED421-8AE2-435F-888F-91F676C87C32}.Debug|x86.ActiveCfg = Debug|Any CPU
		{717ED421-8AE2-435F-888F-91F676C87C32}.Debug|x86.Build.0 = Debug|Any CPU
		{717ED421-8AE2-435F-888F-91F676C87C32}.Release|Any CPU.ActiveCfg = Release|Any CPU
		{717ED421-8AE2-435F-888F-91F676C87C32}.Release|Any CPU.Build.0 = Release|Any CPU
		{717ED421-8AE2-435F-888F-91F676C87C32}.Release|x64.ActiveCfg = Release|Any CPU
		{717ED421-8AE2-435F-888F-91F676C87C32}.Release|x64.Build.0 = Release|Any CPU
		{717ED421-8AE2-435F-888F-91F676C87C32}.Release|x86.ActiveCfg = Release|Any CPU
		{717ED421-8AE2-435F-888F-91F676C87C32}.Release|x86.Build.0 = Release|Any CPU
		{B9E587C6-D492-478A-856D-A7FC67EB5FE0}.Debug|Any CPU.ActiveCfg = Debug|Any CPU
		{B9E587C6-D492-478A-856D-A7FC67EB5FE0}.Debug|Any CPU.Build.0 = Debug|Any CPU
		{B9E587C6-D492-478A-856D-A7FC67EB5FE0}.Debug|x64.ActiveCfg = Debug|Any CPU
		{B9E587C6-D492-478A-856D-A7FC67EB5FE0}.Debug|x64.Build.0 = Debug|Any CPU
		{B9E587C6-D492-478A-856D-A7FC67EB5FE0}.Debug|x86.ActiveCfg = Debug|Any CPU
		{B9E587C6-D492-478A-856D-A7FC67EB5FE0}.Debug|x86.Build.0 = Debug|Any CPU
		{B9E587C6-D492-478A-856D-A7FC67EB5FE0}.Release|Any CPU.ActiveCfg = Release|Any CPU
		{B9E587C6-D492-478A-856D-A7FC67EB5FE0}.Release|Any CPU.Build.0 = Release|Any CPU
		{B9E587C6-D492-478A-856D-A7FC67EB5FE0}.Release|x64.ActiveCfg = Release|Any CPU
		{B9E587C6-D492-478A-856D-A7FC67EB5FE0}.Release|x64.Build.0 = Release|Any CPU
		{B9E587C6-D492-478A-856D-A7FC67EB5FE0}.Release|x86.ActiveCfg = Release|Any CPU
		{B9E587C6-D492-478A-856D-A7FC67EB5FE0}.Release|x86.Build.0 = Release|Any CPU
		{65784B83-F76F-4C1A-AAAD-6417614116C6}.Debug|Any CPU.ActiveCfg = Debug|Any CPU
		{65784B83-F76F-4C1A-AAAD-6417614116C6}.Debug|Any CPU.Build.0 = Debug|Any CPU
		{65784B83-F76F-4C1A-AAAD-6417614116C6}.Debug|x64.ActiveCfg = Debug|Any CPU
		{65784B83-F76F-4C1A-AAAD-6417614116C6}.Debug|x64.Build.0 = Debug|Any CPU
		{65784B83-F76F-4C1A-AAAD-6417614116C6}.Debug|x86.ActiveCfg = Debug|Any CPU
		{65784B83-F76F-4C1A-AAAD-6417614116C6}.Debug|x86.Build.0 = Debug|Any CPU
		{65784B83-F76F-4C1A-AAAD-6417614116C6}.Release|Any CPU.ActiveCfg = Release|Any CPU
		{65784B83-F76F-4C1A-AAAD-6417614116C6}.Release|Any CPU.Build.0 = Release|Any CPU
		{65784B83-F76F-4C1A-AAAD-6417614116C6}.Release|x64.ActiveCfg = Release|Any CPU
		{65784B83-F76F-4C1A-AAAD-6417614116C6}.Release|x64.Build.0 = Release|Any CPU
		{65784B83-F76F-4C1A-AAAD-6417614116C6}.Release|x86.ActiveCfg = Release|Any CPU
		{65784B83-F76F-4C1A-AAAD-6417614116C6}.Release|x86.Build.0 = Release|Any CPU
		{8CA197A9-96CE-4284-80B5-EC0132F20A62}.Debug|Any CPU.ActiveCfg = Debug|Any CPU
		{8CA197A9-96CE-4284-80B5-EC0132F20A62}.Debug|Any CPU.Build.0 = Debug|Any CPU
		{8CA197A9-96CE-4284-80B5-EC0132F20A62}.Debug|x64.ActiveCfg = Debug|Any CPU
		{8CA197A9-96CE-4284-80B5-EC0132F20A62}.Debug|x64.Build.0 = Debug|Any CPU
		{8CA197A9-96CE-4284-80B5-EC0132F20A62}.Debug|x86.ActiveCfg = Debug|Any CPU
		{8CA197A9-96CE-4284-80B5-EC0132F20A62}.Debug|x86.Build.0 = Debug|Any CPU
		{8CA197A9-96CE-4284-80B5-EC0132F20A62}.Release|Any CPU.ActiveCfg = Release|Any CPU
		{8CA197A9-96CE-4284-80B5-EC0132F20A62}.Release|Any CPU.Build.0 = Release|Any CPU
		{8CA197A9-96CE-4284-80B5-EC0132F20A62}.Release|x64.ActiveCfg = Release|Any CPU
		{8CA197A9-96CE-4284-80B5-EC0132F20A62}.Release|x64.Build.0 = Release|Any CPU
		{8CA197A9-96CE-4284-80B5-EC0132F20A62}.Release|x86.ActiveCfg = Release|Any CPU
		{8CA197A9-96CE-4284-80B5-EC0132F20A62}.Release|x86.Build.0 = Release|Any CPU
		{A425AE4A-691C-4540-9CA0-2B7D32EFE230}.Debug|Any CPU.ActiveCfg = Debug|Any CPU
		{A425AE4A-691C-4540-9CA0-2B7D32EFE230}.Debug|Any CPU.Build.0 = Debug|Any CPU
		{A425AE4A-691C-4540-9CA0-2B7D32EFE230}.Debug|x64.ActiveCfg = Debug|Any CPU
		{A425AE4A-691C-4540-9CA0-2B7D32EFE230}.Debug|x64.Build.0 = Debug|Any CPU
		{A425AE4A-691C-4540-9CA0-2B7D32EFE230}.Debug|x86.ActiveCfg = Debug|Any CPU
		{A425AE4A-691C-4540-9CA0-2B7D32EFE230}.Debug|x86.Build.0 = Debug|Any CPU
		{A425AE4A-691C-4540-9CA0-2B7D32EFE230}.Release|Any CPU.ActiveCfg = Release|Any CPU
		{A425AE4A-691C-4540-9CA0-2B7D32EFE230}.Release|Any CPU.Build.0 = Release|Any CPU
		{A425AE4A-691C-4540-9CA0-2B7D32EFE230}.Release|x64.ActiveCfg = Release|Any CPU
		{A425AE4A-691C-4540-9CA0-2B7D32EFE230}.Release|x64.Build.0 = Release|Any CPU
		{A425AE4A-691C-4540-9CA0-2B7D32EFE230}.Release|x86.ActiveCfg = Release|Any CPU
		{A425AE4A-691C-4540-9CA0-2B7D32EFE230}.Release|x86.Build.0 = Release|Any CPU
		{40C841D4-C7D0-489B-80FB-5B4D22DB60E7}.Debug|Any CPU.ActiveCfg = Debug|Any CPU
		{40C841D4-C7D0-489B-80FB-5B4D22DB60E7}.Debug|Any CPU.Build.0 = Debug|Any CPU
		{40C841D4-C7D0-489B-80FB-5B4D22DB60E7}.Debug|x64.ActiveCfg = Debug|Any CPU
		{40C841D4-C7D0-489B-80FB-5B4D22DB60E7}.Debug|x64.Build.0 = Debug|Any CPU
		{40C841D4-C7D0-489B-80FB-5B4D22DB60E7}.Debug|x86.ActiveCfg = Debug|Any CPU
		{40C841D4-C7D0-489B-80FB-5B4D22DB60E7}.Debug|x86.Build.0 = Debug|Any CPU
		{40C841D4-C7D0-489B-80FB-5B4D22DB60E7}.Release|Any CPU.ActiveCfg = Release|Any CPU
		{40C841D4-C7D0-489B-80FB-5B4D22DB60E7}.Release|Any CPU.Build.0 = Release|Any CPU
		{40C841D4-C7D0-489B-80FB-5B4D22DB60E7}.Release|x64.ActiveCfg = Release|Any CPU
		{40C841D4-C7D0-489B-80FB-5B4D22DB60E7}.Release|x64.Build.0 = Release|Any CPU
		{40C841D4-C7D0-489B-80FB-5B4D22DB60E7}.Release|x86.ActiveCfg = Release|Any CPU
		{40C841D4-C7D0-489B-80FB-5B4D22DB60E7}.Release|x86.Build.0 = Release|Any CPU
		{49C21BFB-126B-473D-876E-C9965CCD3096}.Debug|Any CPU.ActiveCfg = Debug|Any CPU
		{49C21BFB-126B-473D-876E-C9965CCD3096}.Debug|Any CPU.Build.0 = Debug|Any CPU
		{49C21BFB-126B-473D-876E-C9965CCD3096}.Debug|x64.ActiveCfg = Debug|Any CPU
		{49C21BFB-126B-473D-876E-C9965CCD3096}.Debug|x64.Build.0 = Debug|Any CPU
		{49C21BFB-126B-473D-876E-C9965CCD3096}.Debug|x86.ActiveCfg = Debug|Any CPU
		{49C21BFB-126B-473D-876E-C9965CCD3096}.Debug|x86.Build.0 = Debug|Any CPU
		{49C21BFB-126B-473D-876E-C9965CCD3096}.Release|Any CPU.ActiveCfg = Release|Any CPU
		{49C21BFB-126B-473D-876E-C9965CCD3096}.Release|Any CPU.Build.0 = Release|Any CPU
		{49C21BFB-126B-473D-876E-C9965CCD3096}.Release|x64.ActiveCfg = Release|Any CPU
		{49C21BFB-126B-473D-876E-C9965CCD3096}.Release|x64.Build.0 = Release|Any CPU
		{49C21BFB-126B-473D-876E-C9965CCD3096}.Release|x86.ActiveCfg = Release|Any CPU
		{49C21BFB-126B-473D-876E-C9965CCD3096}.Release|x86.Build.0 = Release|Any CPU
		{E1311CDD-8C52-4F55-B05A-1FBAC7FB693D}.Debug|Any CPU.ActiveCfg = Debug|Any CPU
		{E1311CDD-8C52-4F55-B05A-1FBAC7FB693D}.Debug|Any CPU.Build.0 = Debug|Any CPU
		{E1311CDD-8C52-4F55-B05A-1FBAC7FB693D}.Debug|x64.ActiveCfg = Debug|Any CPU
		{E1311CDD-8C52-4F55-B05A-1FBAC7FB693D}.Debug|x64.Build.0 = Debug|Any CPU
		{E1311CDD-8C52-4F55-B05A-1FBAC7FB693D}.Debug|x86.ActiveCfg = Debug|Any CPU
		{E1311CDD-8C52-4F55-B05A-1FBAC7FB693D}.Debug|x86.Build.0 = Debug|Any CPU
		{E1311CDD-8C52-4F55-B05A-1FBAC7FB693D}.Release|Any CPU.ActiveCfg = Release|Any CPU
		{E1311CDD-8C52-4F55-B05A-1FBAC7FB693D}.Release|Any CPU.Build.0 = Release|Any CPU
		{E1311CDD-8C52-4F55-B05A-1FBAC7FB693D}.Release|x64.ActiveCfg = Release|Any CPU
		{E1311CDD-8C52-4F55-B05A-1FBAC7FB693D}.Release|x64.Build.0 = Release|Any CPU
		{E1311CDD-8C52-4F55-B05A-1FBAC7FB693D}.Release|x86.ActiveCfg = Release|Any CPU
		{E1311CDD-8C52-4F55-B05A-1FBAC7FB693D}.Release|x86.Build.0 = Release|Any CPU
		{A0A5A856-7C41-46E5-B773-97B677E532B5}.Debug|Any CPU.ActiveCfg = Debug|Any CPU
		{A0A5A856-7C41-46E5-B773-97B677E532B5}.Debug|Any CPU.Build.0 = Debug|Any CPU
		{A0A5A856-7C41-46E5-B773-97B677E532B5}.Debug|x64.ActiveCfg = Debug|Any CPU
		{A0A5A856-7C41-46E5-B773-97B677E532B5}.Debug|x64.Build.0 = Debug|Any CPU
		{A0A5A856-7C41-46E5-B773-97B677E532B5}.Debug|x86.ActiveCfg = Debug|Any CPU
		{A0A5A856-7C41-46E5-B773-97B677E532B5}.Debug|x86.Build.0 = Debug|Any CPU
		{A0A5A856-7C41-46E5-B773-97B677E532B5}.Release|Any CPU.ActiveCfg = Release|Any CPU
		{A0A5A856-7C41-46E5-B773-97B677E532B5}.Release|Any CPU.Build.0 = Release|Any CPU
		{A0A5A856-7C41-46E5-B773-97B677E532B5}.Release|x64.ActiveCfg = Release|Any CPU
		{A0A5A856-7C41-46E5-B773-97B677E532B5}.Release|x64.Build.0 = Release|Any CPU
		{A0A5A856-7C41-46E5-B773-97B677E532B5}.Release|x86.ActiveCfg = Release|Any CPU
		{A0A5A856-7C41-46E5-B773-97B677E532B5}.Release|x86.Build.0 = Release|Any CPU
		{01233DB1-3B00-43D5-BF95-8D8A11F2613C}.Debug|Any CPU.ActiveCfg = Debug|Any CPU
		{01233DB1-3B00-43D5-BF95-8D8A11F2613C}.Debug|Any CPU.Build.0 = Debug|Any CPU
		{01233DB1-3B00-43D5-BF95-8D8A11F2613C}.Debug|x64.ActiveCfg = Debug|Any CPU
		{01233DB1-3B00-43D5-BF95-8D8A11F2613C}.Debug|x64.Build.0 = Debug|Any CPU
		{01233DB1-3B00-43D5-BF95-8D8A11F2613C}.Debug|x86.ActiveCfg = Debug|Any CPU
		{01233DB1-3B00-43D5-BF95-8D8A11F2613C}.Debug|x86.Build.0 = Debug|Any CPU
		{01233DB1-3B00-43D5-BF95-8D8A11F2613C}.Release|Any CPU.ActiveCfg = Release|Any CPU
		{01233DB1-3B00-43D5-BF95-8D8A11F2613C}.Release|Any CPU.Build.0 = Release|Any CPU
		{01233DB1-3B00-43D5-BF95-8D8A11F2613C}.Release|x64.ActiveCfg = Release|Any CPU
		{01233DB1-3B00-43D5-BF95-8D8A11F2613C}.Release|x64.Build.0 = Release|Any CPU
		{01233DB1-3B00-43D5-BF95-8D8A11F2613C}.Release|x86.ActiveCfg = Release|Any CPU
		{01233DB1-3B00-43D5-BF95-8D8A11F2613C}.Release|x86.Build.0 = Release|Any CPU
		{96993893-7A1E-4F01-827E-BDE2FA8537C9}.Debug|Any CPU.ActiveCfg = Debug|Any CPU
		{96993893-7A1E-4F01-827E-BDE2FA8537C9}.Debug|Any CPU.Build.0 = Debug|Any CPU
		{96993893-7A1E-4F01-827E-BDE2FA8537C9}.Debug|x64.ActiveCfg = Debug|Any CPU
		{96993893-7A1E-4F01-827E-BDE2FA8537C9}.Debug|x64.Build.0 = Debug|Any CPU
		{96993893-7A1E-4F01-827E-BDE2FA8537C9}.Debug|x86.ActiveCfg = Debug|Any CPU
		{96993893-7A1E-4F01-827E-BDE2FA8537C9}.Debug|x86.Build.0 = Debug|Any CPU
		{96993893-7A1E-4F01-827E-BDE2FA8537C9}.Release|Any CPU.ActiveCfg = Release|Any CPU
		{96993893-7A1E-4F01-827E-BDE2FA8537C9}.Release|Any CPU.Build.0 = Release|Any CPU
		{96993893-7A1E-4F01-827E-BDE2FA8537C9}.Release|x64.ActiveCfg = Release|Any CPU
		{96993893-7A1E-4F01-827E-BDE2FA8537C9}.Release|x64.Build.0 = Release|Any CPU
		{96993893-7A1E-4F01-827E-BDE2FA8537C9}.Release|x86.ActiveCfg = Release|Any CPU
		{96993893-7A1E-4F01-827E-BDE2FA8537C9}.Release|x86.Build.0 = Release|Any CPU
		{5A95A80D-9263-4573-9E2D-AACC5E225C3F}.Debug|Any CPU.ActiveCfg = Debug|Any CPU
		{5A95A80D-9263-4573-9E2D-AACC5E225C3F}.Debug|Any CPU.Build.0 = Debug|Any CPU
		{5A95A80D-9263-4573-9E2D-AACC5E225C3F}.Debug|x64.ActiveCfg = Debug|Any CPU
		{5A95A80D-9263-4573-9E2D-AACC5E225C3F}.Debug|x64.Build.0 = Debug|Any CPU
		{5A95A80D-9263-4573-9E2D-AACC5E225C3F}.Debug|x86.ActiveCfg = Debug|Any CPU
		{5A95A80D-9263-4573-9E2D-AACC5E225C3F}.Debug|x86.Build.0 = Debug|Any CPU
		{5A95A80D-9263-4573-9E2D-AACC5E225C3F}.Release|Any CPU.ActiveCfg = Release|Any CPU
		{5A95A80D-9263-4573-9E2D-AACC5E225C3F}.Release|Any CPU.Build.0 = Release|Any CPU
		{5A95A80D-9263-4573-9E2D-AACC5E225C3F}.Release|x64.ActiveCfg = Release|Any CPU
		{5A95A80D-9263-4573-9E2D-AACC5E225C3F}.Release|x64.Build.0 = Release|Any CPU
		{5A95A80D-9263-4573-9E2D-AACC5E225C3F}.Release|x86.ActiveCfg = Release|Any CPU
		{5A95A80D-9263-4573-9E2D-AACC5E225C3F}.Release|x86.Build.0 = Release|Any CPU
		{DDA77DD5-651E-4180-97C1-839A501773DD}.Debug|Any CPU.ActiveCfg = Debug|Any CPU
		{DDA77DD5-651E-4180-97C1-839A501773DD}.Debug|Any CPU.Build.0 = Debug|Any CPU
		{DDA77DD5-651E-4180-97C1-839A501773DD}.Debug|x64.ActiveCfg = Debug|Any CPU
		{DDA77DD5-651E-4180-97C1-839A501773DD}.Debug|x64.Build.0 = Debug|Any CPU
		{DDA77DD5-651E-4180-97C1-839A501773DD}.Debug|x86.ActiveCfg = Debug|Any CPU
		{DDA77DD5-651E-4180-97C1-839A501773DD}.Debug|x86.Build.0 = Debug|Any CPU
		{DDA77DD5-651E-4180-97C1-839A501773DD}.Release|Any CPU.ActiveCfg = Release|Any CPU
		{DDA77DD5-651E-4180-97C1-839A501773DD}.Release|Any CPU.Build.0 = Release|Any CPU
		{DDA77DD5-651E-4180-97C1-839A501773DD}.Release|x64.ActiveCfg = Release|Any CPU
		{DDA77DD5-651E-4180-97C1-839A501773DD}.Release|x64.Build.0 = Release|Any CPU
		{DDA77DD5-651E-4180-97C1-839A501773DD}.Release|x86.ActiveCfg = Release|Any CPU
		{DDA77DD5-651E-4180-97C1-839A501773DD}.Release|x86.Build.0 = Release|Any CPU
		{772A6D09-0FB3-46B0-A234-9196704D4657}.Debug|Any CPU.ActiveCfg = Debug|Any CPU
		{772A6D09-0FB3-46B0-A234-9196704D4657}.Debug|Any CPU.Build.0 = Debug|Any CPU
		{772A6D09-0FB3-46B0-A234-9196704D4657}.Debug|x64.ActiveCfg = Debug|Any CPU
		{772A6D09-0FB3-46B0-A234-9196704D4657}.Debug|x64.Build.0 = Debug|Any CPU
		{772A6D09-0FB3-46B0-A234-9196704D4657}.Debug|x86.ActiveCfg = Debug|Any CPU
		{772A6D09-0FB3-46B0-A234-9196704D4657}.Debug|x86.Build.0 = Debug|Any CPU
		{772A6D09-0FB3-46B0-A234-9196704D4657}.Release|Any CPU.ActiveCfg = Release|Any CPU
		{772A6D09-0FB3-46B0-A234-9196704D4657}.Release|Any CPU.Build.0 = Release|Any CPU
		{772A6D09-0FB3-46B0-A234-9196704D4657}.Release|x64.ActiveCfg = Release|Any CPU
		{772A6D09-0FB3-46B0-A234-9196704D4657}.Release|x64.Build.0 = Release|Any CPU
		{772A6D09-0FB3-46B0-A234-9196704D4657}.Release|x86.ActiveCfg = Release|Any CPU
		{772A6D09-0FB3-46B0-A234-9196704D4657}.Release|x86.Build.0 = Release|Any CPU
		{1CD7C68A-A371-49CE-8F54-A7E781EE332A}.Debug|Any CPU.ActiveCfg = Debug|Any CPU
		{1CD7C68A-A371-49CE-8F54-A7E781EE332A}.Debug|Any CPU.Build.0 = Debug|Any CPU
		{1CD7C68A-A371-49CE-8F54-A7E781EE332A}.Debug|x64.ActiveCfg = Debug|Any CPU
		{1CD7C68A-A371-49CE-8F54-A7E781EE332A}.Debug|x64.Build.0 = Debug|Any CPU
		{1CD7C68A-A371-49CE-8F54-A7E781EE332A}.Debug|x86.ActiveCfg = Debug|Any CPU
		{1CD7C68A-A371-49CE-8F54-A7E781EE332A}.Debug|x86.Build.0 = Debug|Any CPU
		{1CD7C68A-A371-49CE-8F54-A7E781EE332A}.Release|Any CPU.ActiveCfg = Release|Any CPU
		{1CD7C68A-A371-49CE-8F54-A7E781EE332A}.Release|Any CPU.Build.0 = Release|Any CPU
		{1CD7C68A-A371-49CE-8F54-A7E781EE332A}.Release|x64.ActiveCfg = Release|Any CPU
		{1CD7C68A-A371-49CE-8F54-A7E781EE332A}.Release|x64.Build.0 = Release|Any CPU
		{1CD7C68A-A371-49CE-8F54-A7E781EE332A}.Release|x86.ActiveCfg = Release|Any CPU
		{1CD7C68A-A371-49CE-8F54-A7E781EE332A}.Release|x86.Build.0 = Release|Any CPU
		{C07D0F30-B3EC-430B-9F4C-4A74E15CE7F0}.Debug|Any CPU.ActiveCfg = Debug|Any CPU
		{C07D0F30-B3EC-430B-9F4C-4A74E15CE7F0}.Debug|Any CPU.Build.0 = Debug|Any CPU
		{C07D0F30-B3EC-430B-9F4C-4A74E15CE7F0}.Debug|x64.ActiveCfg = Debug|Any CPU
		{C07D0F30-B3EC-430B-9F4C-4A74E15CE7F0}.Debug|x64.Build.0 = Debug|Any CPU
		{C07D0F30-B3EC-430B-9F4C-4A74E15CE7F0}.Debug|x86.ActiveCfg = Debug|Any CPU
		{C07D0F30-B3EC-430B-9F4C-4A74E15CE7F0}.Debug|x86.Build.0 = Debug|Any CPU
		{C07D0F30-B3EC-430B-9F4C-4A74E15CE7F0}.Release|Any CPU.ActiveCfg = Release|Any CPU
		{C07D0F30-B3EC-430B-9F4C-4A74E15CE7F0}.Release|Any CPU.Build.0 = Release|Any CPU
		{C07D0F30-B3EC-430B-9F4C-4A74E15CE7F0}.Release|x64.ActiveCfg = Release|Any CPU
		{C07D0F30-B3EC-430B-9F4C-4A74E15CE7F0}.Release|x64.Build.0 = Release|Any CPU
		{C07D0F30-B3EC-430B-9F4C-4A74E15CE7F0}.Release|x86.ActiveCfg = Release|Any CPU
		{C07D0F30-B3EC-430B-9F4C-4A74E15CE7F0}.Release|x86.Build.0 = Release|Any CPU
		{ADB65D83-B476-4F0B-8B9F-8719A8AB7624}.Debug|Any CPU.ActiveCfg = Debug|Any CPU
		{ADB65D83-B476-4F0B-8B9F-8719A8AB7624}.Debug|Any CPU.Build.0 = Debug|Any CPU
		{ADB65D83-B476-4F0B-8B9F-8719A8AB7624}.Debug|x64.ActiveCfg = Debug|Any CPU
		{ADB65D83-B476-4F0B-8B9F-8719A8AB7624}.Debug|x64.Build.0 = Debug|Any CPU
		{ADB65D83-B476-4F0B-8B9F-8719A8AB7624}.Debug|x86.ActiveCfg = Debug|Any CPU
		{ADB65D83-B476-4F0B-8B9F-8719A8AB7624}.Debug|x86.Build.0 = Debug|Any CPU
		{ADB65D83-B476-4F0B-8B9F-8719A8AB7624}.Release|Any CPU.ActiveCfg = Release|Any CPU
		{ADB65D83-B476-4F0B-8B9F-8719A8AB7624}.Release|Any CPU.Build.0 = Release|Any CPU
		{ADB65D83-B476-4F0B-8B9F-8719A8AB7624}.Release|x64.ActiveCfg = Release|Any CPU
		{ADB65D83-B476-4F0B-8B9F-8719A8AB7624}.Release|x64.Build.0 = Release|Any CPU
		{ADB65D83-B476-4F0B-8B9F-8719A8AB7624}.Release|x86.ActiveCfg = Release|Any CPU
		{ADB65D83-B476-4F0B-8B9F-8719A8AB7624}.Release|x86.Build.0 = Release|Any CPU
		{1EB78AE6-9233-4FE8-8EE1-292AF412D731}.Debug|Any CPU.ActiveCfg = Debug|Any CPU
		{1EB78AE6-9233-4FE8-8EE1-292AF412D731}.Debug|Any CPU.Build.0 = Debug|Any CPU
		{1EB78AE6-9233-4FE8-8EE1-292AF412D731}.Debug|x64.ActiveCfg = Debug|Any CPU
		{1EB78AE6-9233-4FE8-8EE1-292AF412D731}.Debug|x64.Build.0 = Debug|Any CPU
		{1EB78AE6-9233-4FE8-8EE1-292AF412D731}.Debug|x86.ActiveCfg = Debug|Any CPU
		{1EB78AE6-9233-4FE8-8EE1-292AF412D731}.Debug|x86.Build.0 = Debug|Any CPU
		{1EB78AE6-9233-4FE8-8EE1-292AF412D731}.Release|Any CPU.ActiveCfg = Release|Any CPU
		{1EB78AE6-9233-4FE8-8EE1-292AF412D731}.Release|Any CPU.Build.0 = Release|Any CPU
		{1EB78AE6-9233-4FE8-8EE1-292AF412D731}.Release|x64.ActiveCfg = Release|Any CPU
		{1EB78AE6-9233-4FE8-8EE1-292AF412D731}.Release|x64.Build.0 = Release|Any CPU
		{1EB78AE6-9233-4FE8-8EE1-292AF412D731}.Release|x86.ActiveCfg = Release|Any CPU
		{1EB78AE6-9233-4FE8-8EE1-292AF412D731}.Release|x86.Build.0 = Release|Any CPU
		{A831C214-9CEB-4B37-B2B2-2D25A34E43EF}.Debug|Any CPU.ActiveCfg = Debug|Any CPU
		{A831C214-9CEB-4B37-B2B2-2D25A34E43EF}.Debug|Any CPU.Build.0 = Debug|Any CPU
		{A831C214-9CEB-4B37-B2B2-2D25A34E43EF}.Debug|x64.ActiveCfg = Debug|Any CPU
		{A831C214-9CEB-4B37-B2B2-2D25A34E43EF}.Debug|x64.Build.0 = Debug|Any CPU
		{A831C214-9CEB-4B37-B2B2-2D25A34E43EF}.Debug|x86.ActiveCfg = Debug|Any CPU
		{A831C214-9CEB-4B37-B2B2-2D25A34E43EF}.Debug|x86.Build.0 = Debug|Any CPU
		{A831C214-9CEB-4B37-B2B2-2D25A34E43EF}.Release|Any CPU.ActiveCfg = Release|Any CPU
		{A831C214-9CEB-4B37-B2B2-2D25A34E43EF}.Release|Any CPU.Build.0 = Release|Any CPU
		{A831C214-9CEB-4B37-B2B2-2D25A34E43EF}.Release|x64.ActiveCfg = Release|Any CPU
		{A831C214-9CEB-4B37-B2B2-2D25A34E43EF}.Release|x64.Build.0 = Release|Any CPU
		{A831C214-9CEB-4B37-B2B2-2D25A34E43EF}.Release|x86.ActiveCfg = Release|Any CPU
		{A831C214-9CEB-4B37-B2B2-2D25A34E43EF}.Release|x86.Build.0 = Release|Any CPU
		{B008D195-BA7B-461D-93D4-284532F9274D}.Debug|Any CPU.ActiveCfg = Debug|Any CPU
		{B008D195-BA7B-461D-93D4-284532F9274D}.Debug|Any CPU.Build.0 = Debug|Any CPU
		{B008D195-BA7B-461D-93D4-284532F9274D}.Debug|x64.ActiveCfg = Debug|Any CPU
		{B008D195-BA7B-461D-93D4-284532F9274D}.Debug|x64.Build.0 = Debug|Any CPU
		{B008D195-BA7B-461D-93D4-284532F9274D}.Debug|x86.ActiveCfg = Debug|Any CPU
		{B008D195-BA7B-461D-93D4-284532F9274D}.Debug|x86.Build.0 = Debug|Any CPU
		{B008D195-BA7B-461D-93D4-284532F9274D}.Release|Any CPU.ActiveCfg = Release|Any CPU
		{B008D195-BA7B-461D-93D4-284532F9274D}.Release|Any CPU.Build.0 = Release|Any CPU
		{B008D195-BA7B-461D-93D4-284532F9274D}.Release|x64.ActiveCfg = Release|Any CPU
		{B008D195-BA7B-461D-93D4-284532F9274D}.Release|x64.Build.0 = Release|Any CPU
		{B008D195-BA7B-461D-93D4-284532F9274D}.Release|x86.ActiveCfg = Release|Any CPU
		{B008D195-BA7B-461D-93D4-284532F9274D}.Release|x86.Build.0 = Release|Any CPU
		{D40C3359-5983-4021-9F0E-8E7D450EFEFF}.Debug|Any CPU.ActiveCfg = Debug|Any CPU
		{D40C3359-5983-4021-9F0E-8E7D450EFEFF}.Debug|Any CPU.Build.0 = Debug|Any CPU
		{D40C3359-5983-4021-9F0E-8E7D450EFEFF}.Debug|x64.ActiveCfg = Debug|Any CPU
		{D40C3359-5983-4021-9F0E-8E7D450EFEFF}.Debug|x64.Build.0 = Debug|Any CPU
		{D40C3359-5983-4021-9F0E-8E7D450EFEFF}.Debug|x86.ActiveCfg = Debug|Any CPU
		{D40C3359-5983-4021-9F0E-8E7D450EFEFF}.Debug|x86.Build.0 = Debug|Any CPU
		{D40C3359-5983-4021-9F0E-8E7D450EFEFF}.Release|Any CPU.ActiveCfg = Release|Any CPU
		{D40C3359-5983-4021-9F0E-8E7D450EFEFF}.Release|Any CPU.Build.0 = Release|Any CPU
		{D40C3359-5983-4021-9F0E-8E7D450EFEFF}.Release|x64.ActiveCfg = Release|Any CPU
		{D40C3359-5983-4021-9F0E-8E7D450EFEFF}.Release|x64.Build.0 = Release|Any CPU
		{D40C3359-5983-4021-9F0E-8E7D450EFEFF}.Release|x86.ActiveCfg = Release|Any CPU
		{D40C3359-5983-4021-9F0E-8E7D450EFEFF}.Release|x86.Build.0 = Release|Any CPU
		{A18591FD-1A3C-488D-A814-FED8734FF1CE}.Debug|Any CPU.ActiveCfg = Debug|Any CPU
		{A18591FD-1A3C-488D-A814-FED8734FF1CE}.Debug|Any CPU.Build.0 = Debug|Any CPU
		{A18591FD-1A3C-488D-A814-FED8734FF1CE}.Debug|x64.ActiveCfg = Debug|Any CPU
		{A18591FD-1A3C-488D-A814-FED8734FF1CE}.Debug|x64.Build.0 = Debug|Any CPU
		{A18591FD-1A3C-488D-A814-FED8734FF1CE}.Debug|x86.ActiveCfg = Debug|Any CPU
		{A18591FD-1A3C-488D-A814-FED8734FF1CE}.Debug|x86.Build.0 = Debug|Any CPU
		{A18591FD-1A3C-488D-A814-FED8734FF1CE}.Release|Any CPU.ActiveCfg = Release|Any CPU
		{A18591FD-1A3C-488D-A814-FED8734FF1CE}.Release|Any CPU.Build.0 = Release|Any CPU
		{A18591FD-1A3C-488D-A814-FED8734FF1CE}.Release|x64.ActiveCfg = Release|Any CPU
		{A18591FD-1A3C-488D-A814-FED8734FF1CE}.Release|x64.Build.0 = Release|Any CPU
		{A18591FD-1A3C-488D-A814-FED8734FF1CE}.Release|x86.ActiveCfg = Release|Any CPU
		{A18591FD-1A3C-488D-A814-FED8734FF1CE}.Release|x86.Build.0 = Release|Any CPU
		{02EEDA2B-1311-4F68-879D-0F32686BA650}.Debug|Any CPU.ActiveCfg = Debug|Any CPU
		{02EEDA2B-1311-4F68-879D-0F32686BA650}.Debug|Any CPU.Build.0 = Debug|Any CPU
		{02EEDA2B-1311-4F68-879D-0F32686BA650}.Debug|x64.ActiveCfg = Debug|Any CPU
		{02EEDA2B-1311-4F68-879D-0F32686BA650}.Debug|x64.Build.0 = Debug|Any CPU
		{02EEDA2B-1311-4F68-879D-0F32686BA650}.Debug|x86.ActiveCfg = Debug|Any CPU
		{02EEDA2B-1311-4F68-879D-0F32686BA650}.Debug|x86.Build.0 = Debug|Any CPU
		{02EEDA2B-1311-4F68-879D-0F32686BA650}.Release|Any CPU.ActiveCfg = Release|Any CPU
		{02EEDA2B-1311-4F68-879D-0F32686BA650}.Release|Any CPU.Build.0 = Release|Any CPU
		{02EEDA2B-1311-4F68-879D-0F32686BA650}.Release|x64.ActiveCfg = Release|Any CPU
		{02EEDA2B-1311-4F68-879D-0F32686BA650}.Release|x64.Build.0 = Release|Any CPU
		{02EEDA2B-1311-4F68-879D-0F32686BA650}.Release|x86.ActiveCfg = Release|Any CPU
		{02EEDA2B-1311-4F68-879D-0F32686BA650}.Release|x86.Build.0 = Release|Any CPU
		{BDD2D535-D893-40F4-BCCD-993454FF1BE7}.Debug|Any CPU.ActiveCfg = Debug|Any CPU
		{BDD2D535-D893-40F4-BCCD-993454FF1BE7}.Debug|Any CPU.Build.0 = Debug|Any CPU
		{BDD2D535-D893-40F4-BCCD-993454FF1BE7}.Debug|x64.ActiveCfg = Debug|Any CPU
		{BDD2D535-D893-40F4-BCCD-993454FF1BE7}.Debug|x64.Build.0 = Debug|Any CPU
		{BDD2D535-D893-40F4-BCCD-993454FF1BE7}.Debug|x86.ActiveCfg = Debug|Any CPU
		{BDD2D535-D893-40F4-BCCD-993454FF1BE7}.Debug|x86.Build.0 = Debug|Any CPU
		{BDD2D535-D893-40F4-BCCD-993454FF1BE7}.Release|Any CPU.ActiveCfg = Release|Any CPU
		{BDD2D535-D893-40F4-BCCD-993454FF1BE7}.Release|Any CPU.Build.0 = Release|Any CPU
		{BDD2D535-D893-40F4-BCCD-993454FF1BE7}.Release|x64.ActiveCfg = Release|Any CPU
		{BDD2D535-D893-40F4-BCCD-993454FF1BE7}.Release|x64.Build.0 = Release|Any CPU
		{BDD2D535-D893-40F4-BCCD-993454FF1BE7}.Release|x86.ActiveCfg = Release|Any CPU
		{BDD2D535-D893-40F4-BCCD-993454FF1BE7}.Release|x86.Build.0 = Release|Any CPU
	EndGlobalSection
	GlobalSection(SolutionProperties) = preSolution
		HideSolutionNode = FALSE
	EndGlobalSection
	GlobalSection(NestedProjects) = preSolution
		{92A41F1C-8B77-4479-8CD3-FB8987269C60} = {96279848-CA27-42C6-9488-498A8E696F67}
		{7AE36E18-182E-4E36-AD0E-08F326B381B2} = {96279848-CA27-42C6-9488-498A8E696F67}
		{55E62B6F-2C33-4E89-ADD5-0CE9BAA76401} = {96279848-CA27-42C6-9488-498A8E696F67}
		{0CAF4618-5C72-4A71-BAEB-79AA4065B9D6} = {55E62B6F-2C33-4E89-ADD5-0CE9BAA76401}
		{717ED421-8AE2-435F-888F-91F676C87C32} = {0CAF4618-5C72-4A71-BAEB-79AA4065B9D6}
		{B9E587C6-D492-478A-856D-A7FC67EB5FE0} = {0CAF4618-5C72-4A71-BAEB-79AA4065B9D6}
		{65784B83-F76F-4C1A-AAAD-6417614116C6} = {0CAF4618-5C72-4A71-BAEB-79AA4065B9D6}
		{8CA197A9-96CE-4284-80B5-EC0132F20A62} = {0CAF4618-5C72-4A71-BAEB-79AA4065B9D6}
		{A425AE4A-691C-4540-9CA0-2B7D32EFE230} = {0CAF4618-5C72-4A71-BAEB-79AA4065B9D6}
		{40C841D4-C7D0-489B-80FB-5B4D22DB60E7} = {0CAF4618-5C72-4A71-BAEB-79AA4065B9D6}
		{49C21BFB-126B-473D-876E-C9965CCD3096} = {0CAF4618-5C72-4A71-BAEB-79AA4065B9D6}
		{E1311CDD-8C52-4F55-B05A-1FBAC7FB693D} = {0CAF4618-5C72-4A71-BAEB-79AA4065B9D6}
		{A0A5A856-7C41-46E5-B773-97B677E532B5} = {0CAF4618-5C72-4A71-BAEB-79AA4065B9D6}
		{01233DB1-3B00-43D5-BF95-8D8A11F2613C} = {0CAF4618-5C72-4A71-BAEB-79AA4065B9D6}
		{96993893-7A1E-4F01-827E-BDE2FA8537C9} = {0CAF4618-5C72-4A71-BAEB-79AA4065B9D6}
		{5A95A80D-9263-4573-9E2D-AACC5E225C3F} = {0CAF4618-5C72-4A71-BAEB-79AA4065B9D6}
		{DDA77DD5-651E-4180-97C1-839A501773DD} = {0CAF4618-5C72-4A71-BAEB-79AA4065B9D6}
		{772A6D09-0FB3-46B0-A234-9196704D4657} = {0CAF4618-5C72-4A71-BAEB-79AA4065B9D6}
		{1CD7C68A-A371-49CE-8F54-A7E781EE332A} = {55E62B6F-2C33-4E89-ADD5-0CE9BAA76401}
		{C07D0F30-B3EC-430B-9F4C-4A74E15CE7F0} = {55E62B6F-2C33-4E89-ADD5-0CE9BAA76401}
		{ADB65D83-B476-4F0B-8B9F-8719A8AB7624} = {55E62B6F-2C33-4E89-ADD5-0CE9BAA76401}
		{B581729A-04EA-4F57-8347-795C1F14257D} = {96279848-CA27-42C6-9488-498A8E696F67}
		{1EB78AE6-9233-4FE8-8EE1-292AF412D731} = {B581729A-04EA-4F57-8347-795C1F14257D}
		{A831C214-9CEB-4B37-B2B2-2D25A34E43EF} = {B581729A-04EA-4F57-8347-795C1F14257D}
		{B008D195-BA7B-461D-93D4-284532F9274D} = {B581729A-04EA-4F57-8347-795C1F14257D}
		{D40C3359-5983-4021-9F0E-8E7D450EFEFF} = {B581729A-04EA-4F57-8347-795C1F14257D}
		{A18591FD-1A3C-488D-A814-FED8734FF1CE} = {B581729A-04EA-4F57-8347-795C1F14257D}
		{02EEDA2B-1311-4F68-879D-0F32686BA650} = {B581729A-04EA-4F57-8347-795C1F14257D}
		{BDD2D535-D893-40F4-BCCD-993454FF1BE7} = {0CAF4618-5C72-4A71-BAEB-79AA4065B9D6}
	EndGlobalSection
	GlobalSection(ExtensibilityGlobals) = postSolution
		SolutionGuid = {E18BA4C9-E1E4-42CD-8393-505DEDE479A2}
	EndGlobalSection
EndGlobal
